
Microsoft Visual Studio Solution File, Format Version 12.00
# Visual Studio 15
VisualStudioVersion = 15.0.27004.2005
MinimumVisualStudioVersion = 10.0.40219.1
Project("{9A19103F-16F7-4668-BE54-9A1E7A4F7556}") = "Prescriptor.Web", "Prescriptor\Prescriptor.Web.csproj", "{47299999-C5AE-4E5A-BEB7-ED598997B9BB}"
EndProject
Project("{FAE04EC0-301F-11D3-BF4B-00C04F79EFBC}") = "Prescriptor.DAL", "DAL\Prescriptor.DAL.csproj", "{DC4F97E8-A956-4FF8-BDC0-B0EBC5BD2D75}"
EndProject
Project("{FAE04EC0-301F-11D3-BF4B-00C04F79EFBC}") = "Prescriptor.BLL", "BLL\Prescriptor.BLL.csproj", "{AF9B3CC5-F0BA-4BEA-8158-509C7C2399A9}"
EndProject
Project("{FAE04EC0-301F-11D3-BF4B-00C04F79EFBC}") = "Prescriptor.Tests", "Prescriptor.Tests\Prescriptor.Tests.csproj", "{B5D994C0-076C-4603-951C-81C1E00B73D3}"
EndProject
Global
	GlobalSection(SolutionConfigurationPlatforms) = preSolution
		Debug|Any CPU = Debug|Any CPU
		Release|Any CPU = Release|Any CPU
	EndGlobalSection
	GlobalSection(ProjectConfigurationPlatforms) = postSolution
		{47299999-C5AE-4E5A-BEB7-ED598997B9BB}.Debug|Any CPU.ActiveCfg = Debug|Any CPU
		{47299999-C5AE-4E5A-BEB7-ED598997B9BB}.Debug|Any CPU.Build.0 = Debug|Any CPU
		{47299999-C5AE-4E5A-BEB7-ED598997B9BB}.Release|Any CPU.ActiveCfg = Release|Any CPU
		{47299999-C5AE-4E5A-BEB7-ED598997B9BB}.Release|Any CPU.Build.0 = Release|Any CPU
		{DC4F97E8-A956-4FF8-BDC0-B0EBC5BD2D75}.Debug|Any CPU.ActiveCfg = Debug|Any CPU
		{DC4F97E8-A956-4FF8-BDC0-B0EBC5BD2D75}.Debug|Any CPU.Build.0 = Debug|Any CPU
		{DC4F97E8-A956-4FF8-BDC0-B0EBC5BD2D75}.Release|Any CPU.ActiveCfg = Release|Any CPU
		{DC4F97E8-A956-4FF8-BDC0-B0EBC5BD2D75}.Release|Any CPU.Build.0 = Release|Any CPU
		{AF9B3CC5-F0BA-4BEA-8158-509C7C2399A9}.Debug|Any CPU.ActiveCfg = Debug|Any CPU
		{AF9B3CC5-F0BA-4BEA-8158-509C7C2399A9}.Debug|Any CPU.Build.0 = Debug|Any CPU
		{AF9B3CC5-F0BA-4BEA-8158-509C7C2399A9}.Release|Any CPU.ActiveCfg = Release|Any CPU
		{AF9B3CC5-F0BA-4BEA-8158-509C7C2399A9}.Release|Any CPU.Build.0 = Release|Any CPU
		{B5D994C0-076C-4603-951C-81C1E00B73D3}.Debug|Any CPU.ActiveCfg = Debug|Any CPU
		{B5D994C0-076C-4603-951C-81C1E00B73D3}.Debug|Any CPU.Build.0 = Debug|Any CPU
		{B5D994C0-076C-4603-951C-81C1E00B73D3}.Release|Any CPU.ActiveCfg = Release|Any CPU
		{B5D994C0-076C-4603-951C-81C1E00B73D3}.Release|Any CPU.Build.0 = Release|Any CPU
	EndGlobalSection
	GlobalSection(SolutionProperties) = preSolution
		HideSolutionNode = FALSE
	EndGlobalSection
	GlobalSection(ExtensibilityGlobals) = postSolution
		SolutionGuid = {CB0565B9-0D97-456F-BAE9-B43F942BF75C}
	EndGlobalSection
EndGlobal
